
Microsoft Visual Studio Solution File, Format Version 12.00
# Visual Studio Version 16
VisualStudioVersion = 16.0.29102.190
MinimumVisualStudioVersion = 10.0.40219.1
Project("{9A19103F-16F7-4668-BE54-9A1E7A4F7556}") = "StandardLibrary", "StandardLibrary\StandardLibrary.csproj", "{11901F32-2F44-471A-B11B-DBF4D5FC92C5}"
EndProject
Project("{9A19103F-16F7-4668-BE54-9A1E7A4F7556}") = "dotNetCoreLibrary", "dotNetCoreLibrary\dotNetCoreLibrary.csproj", "{9E2D0772-FE5A-422E-B637-7A71166985F8}"
EndProject
Project("{FAE04EC0-301F-11D3-BF4B-00C04F79EFBC}") = "UWPLibrary", "UWPLibrary\UWPLibrary.csproj", "{50E32A2D-3C99-4C60-B0A6-A74483AF4587}"
EndProject
Project("{FAE04EC0-301F-11D3-BF4B-00C04F79EFBC}") = "WpfAppForCore", "WpfAppForCore\WpfAppForCore.csproj", "{B511E12A-BB75-4AA5-8833-10D6D2F641C1}"
EndProject
Project("{FAE04EC0-301F-11D3-BF4B-00C04F79EFBC}") = "WindowsFormsForNetFramework", "WindowsFormsForNetFramework\WindowsFormsForNetFramework.csproj", "{64DF138B-5575-4B0A-AD5D-6D050EA87B86}"
EndProject
Project("{2150E333-8FDC-42A3-9474-1A3956D46DE8}") = "类库", "类库", "{1582ECBF-8AA9-4BAB-9899-CE4E6BD0D83C}"
EndProject
Project("{2150E333-8FDC-42A3-9474-1A3956D46DE8}") = "桌面应用", "桌面应用", "{826EAC7D-2BFC-4A01-A16B-1AB8EA668326}"
EndProject
Project("{FAE04EC0-301F-11D3-BF4B-00C04F79EFBC}") = "UWPApp", "UWPApp\UWPApp.csproj", "{7E231185-A20B-4906-BE44-D82F4DB186E2}"
EndProject
Global
	GlobalSection(SolutionConfigurationPlatforms) = preSolution
		Debug|Any CPU = Debug|Any CPU
		Debug|ARM = Debug|ARM
		Debug|ARM64 = Debug|ARM64
		Debug|x64 = Debug|x64
		Debug|x86 = Debug|x86
		Release|Any CPU = Release|Any CPU
		Release|ARM = Release|ARM
		Release|ARM64 = Release|ARM64
		Release|x64 = Release|x64
		Release|x86 = Release|x86
	EndGlobalSection
	GlobalSection(ProjectConfigurationPlatforms) = postSolution
		{11901F32-2F44-471A-B11B-DBF4D5FC92C5}.Debug|Any CPU.ActiveCfg = Debug|Any CPU
		{11901F32-2F44-471A-B11B-DBF4D5FC92C5}.Debug|Any CPU.Build.0 = Debug|Any CPU
		{11901F32-2F44-471A-B11B-DBF4D5FC92C5}.Debug|ARM.ActiveCfg = Debug|Any CPU
		{11901F32-2F44-471A-B11B-DBF4D5FC92C5}.Debug|ARM.Build.0 = Debug|Any CPU
		{11901F32-2F44-471A-B11B-DBF4D5FC92C5}.Debug|ARM64.ActiveCfg = Debug|Any CPU
		{11901F32-2F44-471A-B11B-DBF4D5FC92C5}.Debug|ARM64.Build.0 = Debug|Any CPU
		{11901F32-2F44-471A-B11B-DBF4D5FC92C5}.Debug|x64.ActiveCfg = Debug|Any CPU
		{11901F32-2F44-471A-B11B-DBF4D5FC92C5}.Debug|x64.Build.0 = Debug|Any CPU
		{11901F32-2F44-471A-B11B-DBF4D5FC92C5}.Debug|x86.ActiveCfg = Debug|Any CPU
		{11901F32-2F44-471A-B11B-DBF4D5FC92C5}.Debug|x86.Build.0 = Debug|Any CPU
		{11901F32-2F44-471A-B11B-DBF4D5FC92C5}.Release|Any CPU.ActiveCfg = Release|Any CPU
		{11901F32-2F44-471A-B11B-DBF4D5FC92C5}.Release|Any CPU.Build.0 = Release|Any CPU
		{11901F32-2F44-471A-B11B-DBF4D5FC92C5}.Release|ARM.ActiveCfg = Release|Any CPU
		{11901F32-2F44-471A-B11B-DBF4D5FC92C5}.Release|ARM.Build.0 = Release|Any CPU
		{11901F32-2F44-471A-B11B-DBF4D5FC92C5}.Release|ARM64.ActiveCfg = Release|Any CPU
		{11901F32-2F44-471A-B11B-DBF4D5FC92C5}.Release|ARM64.Build.0 = Release|Any CPU
		{11901F32-2F44-471A-B11B-DBF4D5FC92C5}.Release|x64.ActiveCfg = Release|Any CPU
		{11901F32-2F44-471A-B11B-DBF4D5FC92C5}.Release|x64.Build.0 = Release|Any CPU
		{11901F32-2F44-471A-B11B-DBF4D5FC92C5}.Release|x86.ActiveCfg = Release|Any CPU
		{11901F32-2F44-471A-B11B-DBF4D5FC92C5}.Release|x86.Build.0 = Release|Any CPU
		{9E2D0772-FE5A-422E-B637-7A71166985F8}.Debug|Any CPU.ActiveCfg = Debug|Any CPU
		{9E2D0772-FE5A-422E-B637-7A71166985F8}.Debug|Any CPU.Build.0 = Debug|Any CPU
		{9E2D0772-FE5A-422E-B637-7A71166985F8}.Debug|ARM.ActiveCfg = Debug|Any CPU
		{9E2D0772-FE5A-422E-B637-7A71166985F8}.Debug|ARM.Build.0 = Debug|Any CPU
		{9E2D0772-FE5A-422E-B637-7A71166985F8}.Debug|ARM64.ActiveCfg = Debug|Any CPU
		{9E2D0772-FE5A-422E-B637-7A71166985F8}.Debug|ARM64.Build.0 = Debug|Any CPU
		{9E2D0772-FE5A-422E-B637-7A71166985F8}.Debug|x64.ActiveCfg = Debug|Any CPU
		{9E2D0772-FE5A-422E-B637-7A71166985F8}.Debug|x64.Build.0 = Debug|Any CPU
		{9E2D0772-FE5A-422E-B637-7A71166985F8}.Debug|x86.ActiveCfg = Debug|Any CPU
		{9E2D0772-FE5A-422E-B637-7A71166985F8}.Debug|x86.Build.0 = Debug|Any CPU
		{9E2D0772-FE5A-422E-B637-7A71166985F8}.Release|Any CPU.ActiveCfg = Release|Any CPU
		{9E2D0772-FE5A-422E-B637-7A71166985F8}.Release|Any CPU.Build.0 = Release|Any CPU
		{9E2D0772-FE5A-422E-B637-7A71166985F8}.Release|ARM.ActiveCfg = Release|Any CPU
		{9E2D0772-FE5A-422E-B637-7A71166985F8}.Release|ARM.Build.0 = Release|Any CPU
		{9E2D0772-FE5A-422E-B637-7A71166985F8}.Release|ARM64.ActiveCfg = Release|Any CPU
		{9E2D0772-FE5A-422E-B637-7A71166985F8}.Release|ARM64.Build.0 = Release|Any CPU
		{9E2D0772-FE5A-422E-B637-7A71166985F8}.Release|x64.ActiveCfg = Release|Any CPU
		{9E2D0772-FE5A-422E-B637-7A71166985F8}.Release|x64.Build.0 = Release|Any CPU
		{9E2D0772-FE5A-422E-B637-7A71166985F8}.Release|x86.ActiveCfg = Release|Any CPU
		{9E2D0772-FE5A-422E-B637-7A71166985F8}.Release|x86.Build.0 = Release|Any CPU
		{50E32A2D-3C99-4C60-B0A6-A74483AF4587}.Debug|Any CPU.ActiveCfg = Debug|Any CPU
		{50E32A2D-3C99-4C60-B0A6-A74483AF4587}.Debug|Any CPU.Build.0 = Debug|Any CPU
		{50E32A2D-3C99-4C60-B0A6-A74483AF4587}.Debug|ARM.ActiveCfg = Debug|ARM
		{50E32A2D-3C99-4C60-B0A6-A74483AF4587}.Debug|ARM.Build.0 = Debug|ARM
		{50E32A2D-3C99-4C60-B0A6-A74483AF4587}.Debug|ARM64.ActiveCfg = Debug|ARM64
		{50E32A2D-3C99-4C60-B0A6-A74483AF4587}.Debug|ARM64.Build.0 = Debug|ARM64
		{50E32A2D-3C99-4C60-B0A6-A74483AF4587}.Debug|x64.ActiveCfg = Debug|x64
		{50E32A2D-3C99-4C60-B0A6-A74483AF4587}.Debug|x64.Build.0 = Debug|x64
		{50E32A2D-3C99-4C60-B0A6-A74483AF4587}.Debug|x86.ActiveCfg = Debug|x86
		{50E32A2D-3C99-4C60-B0A6-A74483AF4587}.Debug|x86.Build.0 = Debug|x86
		{50E32A2D-3C99-4C60-B0A6-A74483AF4587}.Release|Any CPU.ActiveCfg = Release|Any CPU
		{50E32A2D-3C99-4C60-B0A6-A74483AF4587}.Release|Any CPU.Build.0 = Release|Any CPU
		{50E32A2D-3C99-4C60-B0A6-A74483AF4587}.Release|ARM.ActiveCfg = Release|ARM
		{50E32A2D-3C99-4C60-B0A6-A74483AF4587}.Release|ARM.Build.0 = Release|ARM
		{50E32A2D-3C99-4C60-B0A6-A74483AF4587}.Release|ARM64.ActiveCfg = Release|ARM64
		{50E32A2D-3C99-4C60-B0A6-A74483AF4587}.Release|ARM64.Build.0 = Release|ARM64
		{50E32A2D-3C99-4C60-B0A6-A74483AF4587}.Release|x64.ActiveCfg = Release|x64
		{50E32A2D-3C99-4C60-B0A6-A74483AF4587}.Release|x64.Build.0 = Release|x64
		{50E32A2D-3C99-4C60-B0A6-A74483AF4587}.Release|x86.ActiveCfg = Release|x86
		{50E32A2D-3C99-4C60-B0A6-A74483AF4587}.Release|x86.Build.0 = Release|x86
		{B511E12A-BB75-4AA5-8833-10D6D2F641C1}.Debug|Any CPU.ActiveCfg = Debug|Any CPU
		{B511E12A-BB75-4AA5-8833-10D6D2F641C1}.Debug|Any CPU.Build.0 = Debug|Any CPU
		{B511E12A-BB75-4AA5-8833-10D6D2F641C1}.Debug|ARM.ActiveCfg = Debug|Any CPU
		{B511E12A-BB75-4AA5-8833-10D6D2F641C1}.Debug|ARM.Build.0 = Debug|Any CPU
		{B511E12A-BB75-4AA5-8833-10D6D2F641C1}.Debug|ARM64.ActiveCfg = Debug|Any CPU
		{B511E12A-BB75-4AA5-8833-10D6D2F641C1}.Debug|ARM64.Build.0 = Debug|Any CPU
		{B511E12A-BB75-4AA5-8833-10D6D2F641C1}.Debug|x64.ActiveCfg = Debug|Any CPU
		{B511E12A-BB75-4AA5-8833-10D6D2F641C1}.Debug|x64.Build.0 = Debug|Any CPU
		{B511E12A-BB75-4AA5-8833-10D6D2F641C1}.Debug|x86.ActiveCfg = Debug|Any CPU
		{B511E12A-BB75-4AA5-8833-10D6D2F641C1}.Debug|x86.Build.0 = Debug|Any CPU
		{B511E12A-BB75-4AA5-8833-10D6D2F641C1}.Release|Any CPU.ActiveCfg = Release|Any CPU
		{B511E12A-BB75-4AA5-8833-10D6D2F641C1}.Release|Any CPU.Build.0 = Release|Any CPU
		{B511E12A-BB75-4AA5-8833-10D6D2F641C1}.Release|ARM.ActiveCfg = Release|Any CPU
		{B511E12A-BB75-4AA5-8833-10D6D2F641C1}.Release|ARM.Build.0 = Release|Any CPU
		{B511E12A-BB75-4AA5-8833-10D6D2F641C1}.Release|ARM64.ActiveCfg = Release|Any CPU
		{B511E12A-BB75-4AA5-8833-10D6D2F641C1}.Release|ARM64.Build.0 = Release|Any CPU
		{B511E12A-BB75-4AA5-8833-10D6D2F641C1}.Release|x64.ActiveCfg = Release|Any CPU
		{B511E12A-BB75-4AA5-8833-10D6D2F641C1}.Release|x64.Build.0 = Release|Any CPU
		{B511E12A-BB75-4AA5-8833-10D6D2F641C1}.Release|x86.ActiveCfg = Release|Any CPU
		{B511E12A-BB75-4AA5-8833-10D6D2F641C1}.Release|x86.Build.0 = Release|Any CPU
		{64DF138B-5575-4B0A-AD5D-6D050EA87B86}.Debug|Any CPU.ActiveCfg = Debug|Any CPU
		{64DF138B-5575-4B0A-AD5D-6D050EA87B86}.Debug|Any CPU.Build.0 = Debug|Any CPU
		{64DF138B-5575-4B0A-AD5D-6D050EA87B86}.Debug|ARM.ActiveCfg = Debug|Any CPU
		{64DF138B-5575-4B0A-AD5D-6D050EA87B86}.Debug|ARM.Build.0 = Debug|Any CPU
		{64DF138B-5575-4B0A-AD5D-6D050EA87B86}.Debug|ARM64.ActiveCfg = Debug|Any CPU
		{64DF138B-5575-4B0A-AD5D-6D050EA87B86}.Debug|ARM64.Build.0 = Debug|Any CPU
		{64DF138B-5575-4B0A-AD5D-6D050EA87B86}.Debug|x64.ActiveCfg = Debug|Any CPU
		{64DF138B-5575-4B0A-AD5D-6D050EA87B86}.Debug|x64.Build.0 = Debug|Any CPU
		{64DF138B-5575-4B0A-AD5D-6D050EA87B86}.Debug|x86.ActiveCfg = Debug|Any CPU
		{64DF138B-5575-4B0A-AD5D-6D050EA87B86}.Debug|x86.Build.0 = Debug|Any CPU
		{64DF138B-5575-4B0A-AD5D-6D050EA87B86}.Release|Any CPU.ActiveCfg = Release|Any CPU
		{64DF138B-5575-4B0A-AD5D-6D050EA87B86}.Release|Any CPU.Build.0 = Release|Any CPU
		{64DF138B-5575-4B0A-AD5D-6D050EA87B86}.Release|ARM.ActiveCfg = Release|Any CPU
		{64DF138B-5575-4B0A-AD5D-6D050EA87B86}.Release|ARM.Build.0 = Release|Any CPU
		{64DF138B-5575-4B0A-AD5D-6D050EA87B86}.Release|ARM64.ActiveCfg = Release|Any CPU
		{64DF138B-5575-4B0A-AD5D-6D050EA87B86}.Release|ARM64.Build.0 = Release|Any CPU
		{64DF138B-5575-4B0A-AD5D-6D050EA87B86}.Release|x64.ActiveCfg = Release|Any CPU
		{64DF138B-5575-4B0A-AD5D-6D050EA87B86}.Release|x64.Build.0 = Release|Any CPU
		{64DF138B-5575-4B0A-AD5D-6D050EA87B86}.Release|x86.ActiveCfg = Release|Any CPU
		{64DF138B-5575-4B0A-AD5D-6D050EA87B86}.Release|x86.Build.0 = Release|Any CPU
		{7E231185-A20B-4906-BE44-D82F4DB186E2}.Debug|Any CPU.ActiveCfg = Debug|x86
		{7E231185-A20B-4906-BE44-D82F4DB186E2}.Debug|ARM.ActiveCfg = Debug|ARM
		{7E231185-A20B-4906-BE44-D82F4DB186E2}.Debug|ARM.Build.0 = Debug|ARM
		{7E231185-A20B-4906-BE44-D82F4DB186E2}.Debug|ARM.Deploy.0 = Debug|ARM
		{7E231185-A20B-4906-BE44-D82F4DB186E2}.Debug|ARM64.ActiveCfg = Debug|ARM64
		{7E231185-A20B-4906-BE44-D82F4DB186E2}.Debug|ARM64.Build.0 = Debug|ARM64
		{7E231185-A20B-4906-BE44-D82F4DB186E2}.Debug|ARM64.Deploy.0 = Debug|ARM64
		{7E231185-A20B-4906-BE44-D82F4DB186E2}.Debug|x64.ActiveCfg = Debug|x64
		{7E231185-A20B-4906-BE44-D82F4DB186E2}.Debug|x64.Build.0 = Debug|x64
		{7E231185-A20B-4906-BE44-D82F4DB186E2}.Debug|x64.Deploy.0 = Debug|x64
		{7E231185-A20B-4906-BE44-D82F4DB186E2}.Debug|x86.ActiveCfg = Debug|x86
		{7E231185-A20B-4906-BE44-D82F4DB186E2}.Debug|x86.Build.0 = Debug|x86
		{7E231185-A20B-4906-BE44-D82F4DB186E2}.Debug|x86.Deploy.0 = Debug|x86
		{7E231185-A20B-4906-BE44-D82F4DB186E2}.Release|Any CPU.ActiveCfg = Release|x86
		{7E231185-A20B-4906-BE44-D82F4DB186E2}.Release|ARM.ActiveCfg = Release|ARM
		{7E231185-A20B-4906-BE44-D82F4DB186E2}.Release|ARM.Build.0 = Release|ARM
		{7E231185-A20B-4906-BE44-D82F4DB186E2}.Release|ARM.Deploy.0 = Release|ARM
		{7E231185-A20B-4906-BE44-D82F4DB186E2}.Release|ARM64.ActiveCfg = Release|ARM64
		{7E231185-A20B-4906-BE44-D82F4DB186E2}.Release|ARM64.Build.0 = Release|ARM64
		{7E231185-A20B-4906-BE44-D82F4DB186E2}.Release|ARM64.Deploy.0 = Release|ARM64
		{7E231185-A20B-4906-BE44-D82F4DB186E2}.Release|x64.ActiveCfg = Release|x64
		{7E231185-A20B-4906-BE44-D82F4DB186E2}.Release|x64.Build.0 = Release|x64
		{7E231185-A20B-4906-BE44-D82F4DB186E2}.Release|x64.Deploy.0 = Release|x64
		{7E231185-A20B-4906-BE44-D82F4DB186E2}.Release|x86.ActiveCfg = Release|x86
		{7E231185-A20B-4906-BE44-D82F4DB186E2}.Release|x86.Build.0 = Release|x86
		{7E231185-A20B-4906-BE44-D82F4DB186E2}.Release|x86.Deploy.0 = Release|x86
	EndGlobalSection
	GlobalSection(SolutionProperties) = preSolution
		HideSolutionNode = FALSE
	EndGlobalSection
	GlobalSection(NestedProjects) = preSolution
		{11901F32-2F44-471A-B11B-DBF4D5FC92C5} = {1582ECBF-8AA9-4BAB-9899-CE4E6BD0D83C}
		{9E2D0772-FE5A-422E-B637-7A71166985F8} = {1582ECBF-8AA9-4BAB-9899-CE4E6BD0D83C}
		{50E32A2D-3C99-4C60-B0A6-A74483AF4587} = {1582ECBF-8AA9-4BAB-9899-CE4E6BD0D83C}
		{B511E12A-BB75-4AA5-8833-10D6D2F641C1} = {826EAC7D-2BFC-4A01-A16B-1AB8EA668326}
		{64DF138B-5575-4B0A-AD5D-6D050EA87B86} = {826EAC7D-2BFC-4A01-A16B-1AB8EA668326}
		{7E231185-A20B-4906-BE44-D82F4DB186E2} = {826EAC7D-2BFC-4A01-A16B-1AB8EA668326}
	EndGlobalSection
	GlobalSection(ExtensibilityGlobals) = postSolution
		SolutionGuid = {97793270-D790-4EDE-8416-B3DDD63FCA28}
	EndGlobalSection
EndGlobal
